
Microsoft Visual Studio Solution File, Format Version 12.00
# Visual Studio Version 17
VisualStudioVersion = 17.6.33815.320
MinimumVisualStudioVersion = 10.0.40219.1
Project("{9A19103F-16F7-4668-BE54-9A1E7A4F7556}") = "OneTimePassword", "OneTimePassword.csproj", "{83A8BA39-098B-4C90-9AE1-AC7D9B6201EC}"
EndProject
Project("{2150E333-8FDC-42A3-9474-1A3956D46DE8}") = "Tests", "Tests", "{65C5AFE3-F5DE-4BA0-8A38-A011CBCC9BEF}"
EndProject
Project("{FAE04EC0-301F-11D3-BF4B-00C04F79EFBC}") = "OneTimePasswordTest", "..\OneTimePasswordTest\OneTimePasswordTest.csproj", "{8CBEDA54-3585-4F0E-97D5-FA06E023DF52}"
EndProject
Global
	GlobalSection(SolutionConfigurationPlatforms) = preSolution
		Debug|Any CPU = Debug|Any CPU
		Release|Any CPU = Release|Any CPU
	EndGlobalSection
	GlobalSection(ProjectConfigurationPlatforms) = postSolution
		{83A8BA39-098B-4C90-9AE1-AC7D9B6201EC}.Debug|Any CPU.ActiveCfg = Debug|Any CPU
		{83A8BA39-098B-4C90-9AE1-AC7D9B6201EC}.Debug|Any CPU.Build.0 = Debug|Any CPU
		{83A8BA39-098B-4C90-9AE1-AC7D9B6201EC}.Release|Any CPU.ActiveCfg = Release|Any CPU
		{83A8BA39-098B-4C90-9AE1-AC7D9B6201EC}.Release|Any CPU.Build.0 = Release|Any CPU
		{8CBEDA54-3585-4F0E-97D5-FA06E023DF52}.Debug|Any CPU.ActiveCfg = Debug|Any CPU
		{8CBEDA54-3585-4F0E-97D5-FA06E023DF52}.Debug|Any CPU.Build.0 = Debug|Any CPU
		{8CBEDA54-3585-4F0E-97D5-FA06E023DF52}.Release|Any CPU.ActiveCfg = Release|Any CPU
		{8CBEDA54-3585-4F0E-97D5-FA06E023DF52}.Release|Any CPU.Build.0 = Release|Any CPU
	EndGlobalSection
	GlobalSection(SolutionProperties) = preSolution
		HideSolutionNode = FALSE
	EndGlobalSection
	GlobalSection(NestedProjects) = preSolution
		{8CBEDA54-3585-4F0E-97D5-FA06E023DF52} = {65C5AFE3-F5DE-4BA0-8A38-A011CBCC9BEF}
	EndGlobalSection
	GlobalSection(ExtensibilityGlobals) = postSolution
		SolutionGuid = {27F9EB5C-4B44-4C57-A03A-644983C27F94}
	EndGlobalSection
EndGlobal
